
Microsoft Visual Studio Solution File, Format Version 12.00
# Visual Studio Version 17
VisualStudioVersion = 17.6.33829.357
MinimumVisualStudioVersion = 10.0.40219.1
Project("{FAE04EC0-301F-11D3-BF4B-00C04F79EFBC}") = "CustomerPurchaseApp", "CustomerPurchaseApp.csproj", "{205EBB84-4AAF-498F-89D7-73EC38EE756F}"
EndProject
Global
	GlobalSection(SolutionConfigurationPlatforms) = preSolution
		Debug|Any CPU = Debug|Any CPU
		Release|Any CPU = Release|Any CPU
	EndGlobalSection
	GlobalSection(ProjectConfigurationPlatforms) = postSolution
		{205EBB84-4AAF-498F-89D7-73EC38EE756F}.Debug|Any CPU.ActiveCfg = Debug|Any CPU
		{205EBB84-4AAF-498F-89D7-73EC38EE756F}.Debug|Any CPU.Build.0 = Debug|Any CPU
		{205EBB84-4AAF-498F-89D7-73EC38EE756F}.Release|Any CPU.ActiveCfg = Release|Any CPU
		{205EBB84-4AAF-498F-89D7-73EC38EE756F}.Release|Any CPU.Build.0 = Release|Any CPU
	EndGlobalSection
	GlobalSection(SolutionProperties) = preSolution
		HideSolutionNode = FALSE
	EndGlobalSection
	GlobalSection(ExtensibilityGlobals) = postSolution
		SolutionGuid = {DD6CB2F7-BF2F-44AF-B789-45893F6638D0}
	EndGlobalSection
EndGlobal
